// !$*UTF8*$!
{
	archiveVersion = 1;
	classes = {
	};
	objectVersion = 56;
	objects = {

/* Begin PBXBuildFile section */
		C189142F2AFBB7C40073BB81 /* InvoiceManagementView.swift in Sources */ = {isa = PBXBuildFile; fileRef = C189142E2AFBB7C40073BB81 /* InvoiceManagementView.swift */; };
		C18914312AFBB7E60073BB81 /* Customer.swift in Sources */ = {isa = PBXBuildFile; fileRef = C18914302AFBB7E50073BB81 /* Customer.swift */; };
		C18914332AFBB7F70073BB81 /* Invoice.swift in Sources */ = {isa = PBXBuildFile; fileRef = C18914322AFBB7F70073BB81 /* Invoice.swift */; };
		C18914352AFBB8030073BB81 /* CustomerManagementView.swift in Sources */ = {isa = PBXBuildFile; fileRef = C18914342AFBB8030073BB81 /* CustomerManagementView.swift */; };
		C18914372AFBB8180073BB81 /* Item.swift in Sources */ = {isa = PBXBuildFile; fileRef = C18914362AFBB8180073BB81 /* Item.swift */; };
		C18914392AFBB8210073BB81 /* LoginView.swift in Sources */ = {isa = PBXBuildFile; fileRef = C18914382AFBB8210073BB81 /* LoginView.swift */; };
		C189143B2AFBB8340073BB81 /* ItemDetailView.swift in Sources */ = {isa = PBXBuildFile; fileRef = C189143A2AFBB8340073BB81 /* ItemDetailView.swift */; };
		C189143D2AFBB8400073BB81 /* StockManagementView.swift in Sources */ = {isa = PBXBuildFile; fileRef = C189143C2AFBB8400073BB81 /* StockManagementView.swift */; };
		C189143F2AFBB8510073BB81 /* proiectMobileApp.swift in Sources */ = {isa = PBXBuildFile; fileRef = C189143E2AFBB8510073BB81 /* proiectMobileApp.swift */; };
		C18914412AFBB8640073BB81 /* TemplateView.swift in Sources */ = {isa = PBXBuildFile; fileRef = C18914402AFBB8640073BB81 /* TemplateView.swift */; };
		C18914432AFBB8740073BB81 /* Warehouse.swift in Sources */ = {isa = PBXBuildFile; fileRef = C18914422AFBB8740073BB81 /* Warehouse.swift */; };
		C18914452AFBB88D0073BB81 /* WelcomeUserView.swift in Sources */ = {isa = PBXBuildFile; fileRef = C18914442AFBB88C0073BB81 /* WelcomeUserView.swift */; };
		C18914472AFBB8A00073BB81 /* WarehouseManagementView.swift in Sources */ = {isa = PBXBuildFile; fileRef = C18914462AFBB8A00073BB81 /* WarehouseManagementView.swift */; };
		C18914492AFBB8AA0073BB81 /* WelcomeView.swift in Sources */ = {isa = PBXBuildFile; fileRef = C18914482AFBB8AA0073BB81 /* WelcomeView.swift */; };
		C189144B2AFBB9010073BB81 /* CatalogView.swift in Sources */ = {isa = PBXBuildFile; fileRef = C189144A2AFBB9010073BB81 /* CatalogView.swift */; };
		C1BA14392AF67701003FC471 /* proiectMobileTests.swift in Sources */ = {isa = PBXBuildFile; fileRef = C1BA14382AF67701003FC471 /* proiectMobileTests.swift */; };
		C1BA14432AF67701003FC471 /* proiectMobileUITests.swift in Sources */ = {isa = PBXBuildFile; fileRef = C1BA14422AF67701003FC471 /* proiectMobileUITests.swift */; };
		C1BA14452AF67701003FC471 /* proiectMobileUITestsLaunchTests.swift in Sources */ = {isa = PBXBuildFile; fileRef = C1BA14442AF67701003FC471 /* proiectMobileUITestsLaunchTests.swift */; };
/* End PBXBuildFile section */

/* Begin PBXContainerItemProxy section */
		C1BA14352AF67701003FC471 /* PBXContainerItemProxy */ = {
			isa = PBXContainerItemProxy;
			containerPortal = C1BA141A2AF676FD003FC471 /* Project object */;
			proxyType = 1;
			remoteGlobalIDString = C1BA14212AF676FD003FC471;
			remoteInfo = proiectMobile;
		};
		C1BA143F2AF67701003FC471 /* PBXContainerItemProxy */ = {
			isa = PBXContainerItemProxy;
			containerPortal = C1BA141A2AF676FD003FC471 /* Project object */;
			proxyType = 1;
			remoteGlobalIDString = C1BA14212AF676FD003FC471;
			remoteInfo = proiectMobile;
		};
/* End PBXContainerItemProxy section */

/* Begin PBXFileReference section */
		C189142E2AFBB7C40073BB81 /* InvoiceManagementView.swift */ = {isa = PBXFileReference; fileEncoding = 4; lastKnownFileType = sourcecode.swift; path = InvoiceManagementView.swift; sourceTree = "<group>"; };
		C18914302AFBB7E50073BB81 /* Customer.swift */ = {isa = PBXFileReference; fileEncoding = 4; lastKnownFileType = sourcecode.swift; path = Customer.swift; sourceTree = "<group>"; };
		C18914322AFBB7F70073BB81 /* Invoice.swift */ = {isa = PBXFileReference; fileEncoding = 4; lastKnownFileType = sourcecode.swift; path = Invoice.swift; sourceTree = "<group>"; };
		C18914342AFBB8030073BB81 /* CustomerManagementView.swift */ = {isa = PBXFileReference; fileEncoding = 4; lastKnownFileType = sourcecode.swift; path = CustomerManagementView.swift; sourceTree = "<group>"; };
		C18914362AFBB8180073BB81 /* Item.swift */ = {isa = PBXFileReference; fileEncoding = 4; lastKnownFileType = sourcecode.swift; path = Item.swift; sourceTree = "<group>"; };
		C18914382AFBB8210073BB81 /* LoginView.swift */ = {isa = PBXFileReference; fileEncoding = 4; lastKnownFileType = sourcecode.swift; path = LoginView.swift; sourceTree = "<group>"; };
		C189143A2AFBB8340073BB81 /* ItemDetailView.swift */ = {isa = PBXFileReference; fileEncoding = 4; lastKnownFileType = sourcecode.swift; path = ItemDetailView.swift; sourceTree = "<group>"; };
		C189143C2AFBB8400073BB81 /* StockManagementView.swift */ = {isa = PBXFileReference; fileEncoding = 4; lastKnownFileType = sourcecode.swift; path = StockManagementView.swift; sourceTree = "<group>"; };
		C189143E2AFBB8510073BB81 /* proiectMobileApp.swift */ = {isa = PBXFileReference; fileEncoding = 4; lastKnownFileType = sourcecode.swift; path = proiectMobileApp.swift; sourceTree = "<group>"; };
		C18914402AFBB8640073BB81 /* TemplateView.swift */ = {isa = PBXFileReference; fileEncoding = 4; lastKnownFileType = sourcecode.swift; path = TemplateView.swift; sourceTree = "<group>"; };
		C18914422AFBB8740073BB81 /* Warehouse.swift */ = {isa = PBXFileReference; fileEncoding = 4; lastKnownFileType = sourcecode.swift; path = Warehouse.swift; sourceTree = "<group>"; };
		C18914442AFBB88C0073BB81 /* WelcomeUserView.swift */ = {isa = PBXFileReference; fileEncoding = 4; lastKnownFileType = sourcecode.swift; path = WelcomeUserView.swift; sourceTree = "<group>"; };
		C18914462AFBB8A00073BB81 /* WarehouseManagementView.swift */ = {isa = PBXFileReference; fileEncoding = 4; lastKnownFileType = sourcecode.swift; path = WarehouseManagementView.swift; sourceTree = "<group>"; };
		C18914482AFBB8AA0073BB81 /* WelcomeView.swift */ = {isa = PBXFileReference; fileEncoding = 4; lastKnownFileType = sourcecode.swift; path = WelcomeView.swift; sourceTree = "<group>"; };
		C189144A2AFBB9010073BB81 /* CatalogView.swift */ = {isa = PBXFileReference; lastKnownFileType = sourcecode.swift; path = CatalogView.swift; sourceTree = "<group>"; };
		C1BA14222AF676FD003FC471 /* proiectMobile.app */ = {isa = PBXFileReference; explicitFileType = wrapper.application; includeInIndex = 0; path = proiectMobile.app; sourceTree = BUILT_PRODUCTS_DIR; };
		C1BA14342AF67701003FC471 /* proiectMobileTests.xctest */ = {isa = PBXFileReference; explicitFileType = wrapper.cfbundle; includeInIndex = 0; path = proiectMobileTests.xctest; sourceTree = BUILT_PRODUCTS_DIR; };
		C1BA14382AF67701003FC471 /* proiectMobileTests.swift */ = {isa = PBXFileReference; lastKnownFileType = sourcecode.swift; path = proiectMobileTests.swift; sourceTree = "<group>"; };
		C1BA143E2AF67701003FC471 /* proiectMobileUITests.xctest */ = {isa = PBXFileReference; explicitFileType = wrapper.cfbundle; includeInIndex = 0; path = proiectMobileUITests.xctest; sourceTree = BUILT_PRODUCTS_DIR; };
		C1BA14422AF67701003FC471 /* proiectMobileUITests.swift */ = {isa = PBXFileReference; lastKnownFileType = sourcecode.swift; path = proiectMobileUITests.swift; sourceTree = "<group>"; };
		C1BA14442AF67701003FC471 /* proiectMobileUITestsLaunchTests.swift */ = {isa = PBXFileReference; lastKnownFileType = sourcecode.swift; path = proiectMobileUITestsLaunchTests.swift; sourceTree = "<group>"; };
/* End PBXFileReference section */

/* Begin PBXFrameworksBuildPhase section */
		C1BA141F2AF676FD003FC471 /* Frameworks */ = {
			isa = PBXFrameworksBuildPhase;
			buildActionMask = 2147483647;
			files = (
			);
			runOnlyForDeploymentPostprocessing = 0;
		};
		C1BA14312AF67701003FC471 /* Frameworks */ = {
			isa = PBXFrameworksBuildPhase;
			buildActionMask = 2147483647;
			files = (
			);
			runOnlyForDeploymentPostprocessing = 0;
		};
		C1BA143B2AF67701003FC471 /* Frameworks */ = {
			isa = PBXFrameworksBuildPhase;
			buildActionMask = 2147483647;
			files = (
			);
			runOnlyForDeploymentPostprocessing = 0;
		};
/* End PBXFrameworksBuildPhase section */

/* Begin PBXGroup section */
		C1BA14192AF676FD003FC471 = {
			isa = PBXGroup;
			children = (
				C189144A2AFBB9010073BB81 /* CatalogView.swift */,
				C189142E2AFBB7C40073BB81 /* InvoiceManagementView.swift */,
				C189143C2AFBB8400073BB81 /* StockManagementView.swift */,
				C18914302AFBB7E50073BB81 /* Customer.swift */,
				C18914382AFBB8210073BB81 /* LoginView.swift */,
				C18914462AFBB8A00073BB81 /* WarehouseManagementView.swift */,
				C18914482AFBB8AA0073BB81 /* WelcomeView.swift */,
				C18914442AFBB88C0073BB81 /* WelcomeUserView.swift */,
				C18914422AFBB8740073BB81 /* Warehouse.swift */,
				C189143E2AFBB8510073BB81 /* proiectMobileApp.swift */,
				C189143A2AFBB8340073BB81 /* ItemDetailView.swift */,
				C18914402AFBB8640073BB81 /* TemplateView.swift */,
				C18914342AFBB8030073BB81 /* CustomerManagementView.swift */,
				C18914362AFBB8180073BB81 /* Item.swift */,
				C18914322AFBB7F70073BB81 /* Invoice.swift */,
				C1BA14372AF67701003FC471 /* proiectMobileTests */,
				C1BA14412AF67701003FC471 /* proiectMobileUITests */,
				C1BA14232AF676FD003FC471 /* Products */,
			);
			sourceTree = "<group>";
		};
		C1BA14232AF676FD003FC471 /* Products */ = {
			isa = PBXGroup;
			children = (
				C1BA14222AF676FD003FC471 /* proiectMobile.app */,
				C1BA14342AF67701003FC471 /* proiectMobileTests.xctest */,
				C1BA143E2AF67701003FC471 /* proiectMobileUITests.xctest */,
			);
			name = Products;
			sourceTree = "<group>";
		};
		C1BA14372AF67701003FC471 /* proiectMobileTests */ = {
			isa = PBXGroup;
			children = (
				C1BA14382AF67701003FC471 /* proiectMobileTests.swift */,
			);
			path = proiectMobileTests;
			sourceTree = "<group>";
		};
		C1BA14412AF67701003FC471 /* proiectMobileUITests */ = {
			isa = PBXGroup;
			children = (
				C1BA14422AF67701003FC471 /* proiectMobileUITests.swift */,
				C1BA14442AF67701003FC471 /* proiectMobileUITestsLaunchTests.swift */,
			);
			path = proiectMobileUITests;
			sourceTree = "<group>";
		};
/* End PBXGroup section */

/* Begin PBXNativeTarget section */
		C1BA14212AF676FD003FC471 /* proiectMobile */ = {
			isa = PBXNativeTarget;
			buildConfigurationList = C1BA14482AF67701003FC471 /* Build configuration list for PBXNativeTarget "proiectMobile" */;
			buildPhases = (
				C1BA141E2AF676FD003FC471 /* Sources */,
				C1BA141F2AF676FD003FC471 /* Frameworks */,
				C1BA14202AF676FD003FC471 /* Resources */,
			);
			buildRules = (
			);
			dependencies = (
			);
			name = proiectMobile;
			productName = proiectMobile;
			productReference = C1BA14222AF676FD003FC471 /* proiectMobile.app */;
			productType = "com.apple.product-type.application";
		};
		C1BA14332AF67701003FC471 /* proiectMobileTests */ = {
			isa = PBXNativeTarget;
			buildConfigurationList = C1BA144B2AF67701003FC471 /* Build configuration list for PBXNativeTarget "proiectMobileTests" */;
			buildPhases = (
				C1BA14302AF67701003FC471 /* Sources */,
				C1BA14312AF67701003FC471 /* Frameworks */,
				C1BA14322AF67701003FC471 /* Resources */,
			);
			buildRules = (
			);
			dependencies = (
				C1BA14362AF67701003FC471 /* PBXTargetDependency */,
			);
			name = proiectMobileTests;
			productName = proiectMobileTests;
			productReference = C1BA14342AF67701003FC471 /* proiectMobileTests.xctest */;
			productType = "com.apple.product-type.bundle.unit-test";
		};
		C1BA143D2AF67701003FC471 /* proiectMobileUITests */ = {
			isa = PBXNativeTarget;
			buildConfigurationList = C1BA144E2AF67701003FC471 /* Build configuration list for PBXNativeTarget "proiectMobileUITests" */;
			buildPhases = (
				C1BA143A2AF67701003FC471 /* Sources */,
				C1BA143B2AF67701003FC471 /* Frameworks */,
				C1BA143C2AF67701003FC471 /* Resources */,
			);
			buildRules = (
			);
			dependencies = (
				C1BA14402AF67701003FC471 /* PBXTargetDependency */,
			);
			name = proiectMobileUITests;
			productName = proiectMobileUITests;
			productReference = C1BA143E2AF67701003FC471 /* proiectMobileUITests.xctest */;
			productType = "com.apple.product-type.bundle.ui-testing";
		};
/* End PBXNativeTarget section */

/* Begin PBXProject section */
		C1BA141A2AF676FD003FC471 /* Project object */ = {
			isa = PBXProject;
			attributes = {
				BuildIndependentTargetsInParallel = 1;
				LastSwiftUpdateCheck = 1500;
				LastUpgradeCheck = 1500;
				TargetAttributes = {
					C1BA14212AF676FD003FC471 = {
						CreatedOnToolsVersion = 15.0.1;
					};
					C1BA14332AF67701003FC471 = {
						CreatedOnToolsVersion = 15.0.1;
						TestTargetID = C1BA14212AF676FD003FC471;
					};
					C1BA143D2AF67701003FC471 = {
						CreatedOnToolsVersion = 15.0.1;
						TestTargetID = C1BA14212AF676FD003FC471;
					};
				};
			};
			buildConfigurationList = C1BA141D2AF676FD003FC471 /* Build configuration list for PBXProject "proiectMobile" */;
			compatibilityVersion = "Xcode 14.0";
			developmentRegion = en;
			hasScannedForEncodings = 0;
			knownRegions = (
				en,
				Base,
			);
			mainGroup = C1BA14192AF676FD003FC471;
			productRefGroup = C1BA14232AF676FD003FC471 /* Products */;
			projectDirPath = "";
			projectRoot = "";
			targets = (
				C1BA14212AF676FD003FC471 /* proiectMobile */,
				C1BA14332AF67701003FC471 /* proiectMobileTests */,
				C1BA143D2AF67701003FC471 /* proiectMobileUITests */,
			);
		};
/* End PBXProject section */

/* Begin PBXResourcesBuildPhase section */
		C1BA14202AF676FD003FC471 /* Resources */ = {
			isa = PBXResourcesBuildPhase;
			buildActionMask = 2147483647;
			files = (
			);
			runOnlyForDeploymentPostprocessing = 0;
		};
		C1BA14322AF67701003FC471 /* Resources */ = {
			isa = PBXResourcesBuildPhase;
			buildActionMask = 2147483647;
			files = (
			);
			runOnlyForDeploymentPostprocessing = 0;
		};
		C1BA143C2AF67701003FC471 /* Resources */ = {
			isa = PBXResourcesBuildPhase;
			buildActionMask = 2147483647;
			files = (
			);
			runOnlyForDeploymentPostprocessing = 0;
		};
/* End PBXResourcesBuildPhase section */

/* Begin PBXSourcesBuildPhase section */
		C1BA141E2AF676FD003FC471 /* Sources */ = {
			isa = PBXSourcesBuildPhase;
			buildActionMask = 2147483647;
			files = (
				C189142F2AFBB7C40073BB81 /* InvoiceManagementView.swift in Sources */,
				C189143D2AFBB8400073BB81 /* StockManagementView.swift in Sources */,
				C18914492AFBB8AA0073BB81 /* WelcomeView.swift in Sources */,
				C18914472AFBB8A00073BB81 /* WarehouseManagementView.swift in Sources */,
				C18914332AFBB7F70073BB81 /* Invoice.swift in Sources */,
				C189143F2AFBB8510073BB81 /* proiectMobileApp.swift in Sources */,
				C189143B2AFBB8340073BB81 /* ItemDetailView.swift in Sources */,
				C18914372AFBB8180073BB81 /* Item.swift in Sources */,
				C18914412AFBB8640073BB81 /* TemplateView.swift in Sources */,
				C18914312AFBB7E60073BB81 /* Customer.swift in Sources */,
				C18914452AFBB88D0073BB81 /* WelcomeUserView.swift in Sources */,
				C18914432AFBB8740073BB81 /* Warehouse.swift in Sources */,
				C189144B2AFBB9010073BB81 /* CatalogView.swift in Sources */,
				C18914392AFBB8210073BB81 /* LoginView.swift in Sources */,
				C18914352AFBB8030073BB81 /* CustomerManagementView.swift in Sources */,
			);
			runOnlyForDeploymentPostprocessing = 0;
		};
		C1BA14302AF67701003FC471 /* Sources */ = {
			isa = PBXSourcesBuildPhase;
			buildActionMask = 2147483647;
			files = (
				C1BA14392AF67701003FC471 /* proiectMobileTests.swift in Sources */,
			);
			runOnlyForDeploymentPostprocessing = 0;
		};
		C1BA143A2AF67701003FC471 /* Sources */ = {
			isa = PBXSourcesBuildPhase;
			buildActionMask = 2147483647;
			files = (
				C1BA14432AF67701003FC471 /* proiectMobileUITests.swift in Sources */,
				C1BA14452AF67701003FC471 /* proiectMobileUITestsLaunchTests.swift in Sources */,
			);
			runOnlyForDeploymentPostprocessing = 0;
		};
/* End PBXSourcesBuildPhase section */

/* Begin PBXTargetDependency section */
		C1BA14362AF67701003FC471 /* PBXTargetDependency */ = {
			isa = PBXTargetDependency;
			target = C1BA14212AF676FD003FC471 /* proiectMobile */;
			targetProxy = C1BA14352AF67701003FC471 /* PBXContainerItemProxy */;
		};
		C1BA14402AF67701003FC471 /* PBXTargetDependency */ = {
			isa = PBXTargetDependency;
			target = C1BA14212AF676FD003FC471 /* proiectMobile */;
			targetProxy = C1BA143F2AF67701003FC471 /* PBXContainerItemProxy */;
		};
/* End PBXTargetDependency section */

/* Begin XCBuildConfiguration section */
		C1BA14462AF67701003FC471 /* Debug */ = {
			isa = XCBuildConfiguration;
			buildSettings = {
				ALWAYS_SEARCH_USER_PATHS = NO;
				ASSETCATALOG_COMPILER_GENERATE_SWIFT_ASSET_SYMBOL_EXTENSIONS = YES;
				CLANG_ANALYZER_NONNULL = YES;
				CLANG_ANALYZER_NUMBER_OBJECT_CONVERSION = YES_AGGRESSIVE;
				CLANG_CXX_LANGUAGE_STANDARD = "gnu++20";
				CLANG_ENABLE_MODULES = YES;
				CLANG_ENABLE_OBJC_ARC = YES;
				CLANG_ENABLE_OBJC_WEAK = YES;
				CLANG_WARN_BLOCK_CAPTURE_AUTORELEASING = YES;
				CLANG_WARN_BOOL_CONVERSION = YES;
				CLANG_WARN_COMMA = YES;
				CLANG_WARN_CONSTANT_CONVERSION = YES;
				CLANG_WARN_DEPRECATED_OBJC_IMPLEMENTATIONS = YES;
				CLANG_WARN_DIRECT_OBJC_ISA_USAGE = YES_ERROR;
				CLANG_WARN_DOCUMENTATION_COMMENTS = YES;
				CLANG_WARN_EMPTY_BODY = YES;
				CLANG_WARN_ENUM_CONVERSION = YES;
				CLANG_WARN_INFINITE_RECURSION = YES;
				CLANG_WARN_INT_CONVERSION = YES;
				CLANG_WARN_NON_LITERAL_NULL_CONVERSION = YES;
				CLANG_WARN_OBJC_IMPLICIT_RETAIN_SELF = YES;
				CLANG_WARN_OBJC_LITERAL_CONVERSION = YES;
				CLANG_WARN_OBJC_ROOT_CLASS = YES_ERROR;
				CLANG_WARN_QUOTED_INCLUDE_IN_FRAMEWORK_HEADER = YES;
				CLANG_WARN_RANGE_LOOP_ANALYSIS = YES;
				CLANG_WARN_STRICT_PROTOTYPES = YES;
				CLANG_WARN_SUSPICIOUS_MOVE = YES;
				CLANG_WARN_UNGUARDED_AVAILABILITY = YES_AGGRESSIVE;
				CLANG_WARN_UNREACHABLE_CODE = YES;
				CLANG_WARN__DUPLICATE_METHOD_MATCH = YES;
				COPY_PHASE_STRIP = NO;
				DEBUG_INFORMATION_FORMAT = dwarf;
				ENABLE_STRICT_OBJC_MSGSEND = YES;
				ENABLE_TESTABILITY = YES;
				ENABLE_USER_SCRIPT_SANDBOXING = YES;
				GCC_C_LANGUAGE_STANDARD = gnu17;
				GCC_DYNAMIC_NO_PIC = NO;
				GCC_NO_COMMON_BLOCKS = YES;
				GCC_OPTIMIZATION_LEVEL = 0;
				GCC_PREPROCESSOR_DEFINITIONS = (
					"DEBUG=1",
					"$(inherited)",
				);
				GCC_WARN_64_TO_32_BIT_CONVERSION = YES;
				GCC_WARN_ABOUT_RETURN_TYPE = YES_ERROR;
				GCC_WARN_UNDECLARED_SELECTOR = YES;
				GCC_WARN_UNINITIALIZED_AUTOS = YES_AGGRESSIVE;
				GCC_WARN_UNUSED_FUNCTION = YES;
				GCC_WARN_UNUSED_VARIABLE = YES;
				IPHONEOS_DEPLOYMENT_TARGET = 17.0;
				LOCALIZATION_PREFERS_STRING_CATALOGS = YES;
				MTL_ENABLE_DEBUG_INFO = INCLUDE_SOURCE;
				MTL_FAST_MATH = YES;
				ONLY_ACTIVE_ARCH = YES;
				SDKROOT = iphoneos;
				SWIFT_ACTIVE_COMPILATION_CONDITIONS = "DEBUG $(inherited)";
				SWIFT_OPTIMIZATION_LEVEL = "-Onone";
			};
			name = Debug;
		};
		C1BA14472AF67701003FC471 /* Release */ = {
			isa = XCBuildConfiguration;
			buildSettings = {
				ALWAYS_SEARCH_USER_PATHS = NO;
				ASSETCATALOG_COMPILER_GENERATE_SWIFT_ASSET_SYMBOL_EXTENSIONS = YES;
				CLANG_ANALYZER_NONNULL = YES;
				CLANG_ANALYZER_NUMBER_OBJECT_CONVERSION = YES_AGGRESSIVE;
				CLANG_CXX_LANGUAGE_STANDARD = "gnu++20";
				CLANG_ENABLE_MODULES = YES;
				CLANG_ENABLE_OBJC_ARC = YES;
				CLANG_ENABLE_OBJC_WEAK = YES;
				CLANG_WARN_BLOCK_CAPTURE_AUTORELEASING = YES;
				CLANG_WARN_BOOL_CONVERSION = YES;
				CLANG_WARN_COMMA = YES;
				CLANG_WARN_CONSTANT_CONVERSION = YES;
				CLANG_WARN_DEPRECATED_OBJC_IMPLEMENTATIONS = YES;
				CLANG_WARN_DIRECT_OBJC_ISA_USAGE = YES_ERROR;
				CLANG_WARN_DOCUMENTATION_COMMENTS = YES;
				CLANG_WARN_EMPTY_BODY = YES;
				CLANG_WARN_ENUM_CONVERSION = YES;
				CLANG_WARN_INFINITE_RECURSION = YES;
				CLANG_WARN_INT_CONVERSION = YES;
				CLANG_WARN_NON_LITERAL_NULL_CONVERSION = YES;
				CLANG_WARN_OBJC_IMPLICIT_RETAIN_SELF = YES;
				CLANG_WARN_OBJC_LITERAL_CONVERSION = YES;
				CLANG_WARN_OBJC_ROOT_CLASS = YES_ERROR;
				CLANG_WARN_QUOTED_INCLUDE_IN_FRAMEWORK_HEADER = YES;
				CLANG_WARN_RANGE_LOOP_ANALYSIS = YES;
				CLANG_WARN_STRICT_PROTOTYPES = YES;
				CLANG_WARN_SUSPICIOUS_MOVE = YES;
				CLANG_WARN_UNGUARDED_AVAILABILITY = YES_AGGRESSIVE;
				CLANG_WARN_UNREACHABLE_CODE = YES;
				CLANG_WARN__DUPLICATE_METHOD_MATCH = YES;
				COPY_PHASE_STRIP = NO;
				DEBUG_INFORMATION_FORMAT = "dwarf-with-dsym";
				ENABLE_NS_ASSERTIONS = NO;
				ENABLE_STRICT_OBJC_MSGSEND = YES;
				ENABLE_USER_SCRIPT_SANDBOXING = YES;
				GCC_C_LANGUAGE_STANDARD = gnu17;
				GCC_NO_COMMON_BLOCKS = YES;
				GCC_WARN_64_TO_32_BIT_CONVERSION = YES;
				GCC_WARN_ABOUT_RETURN_TYPE = YES_ERROR;
				GCC_WARN_UNDECLARED_SELECTOR = YES;
				GCC_WARN_UNINITIALIZED_AUTOS = YES_AGGRESSIVE;
				GCC_WARN_UNUSED_FUNCTION = YES;
				GCC_WARN_UNUSED_VARIABLE = YES;
				IPHONEOS_DEPLOYMENT_TARGET = 17.0;
				LOCALIZATION_PREFERS_STRING_CATALOGS = YES;
				MTL_ENABLE_DEBUG_INFO = NO;
				MTL_FAST_MATH = YES;
				SDKROOT = iphoneos;
				SWIFT_COMPILATION_MODE = wholemodule;
				VALIDATE_PRODUCT = YES;
			};
			name = Release;
		};
		C1BA14492AF67701003FC471 /* Debug */ = {
			isa = XCBuildConfiguration;
			buildSettings = {
				ASSETCATALOG_COMPILER_APPICON_NAME = AppIcon;
				ASSETCATALOG_COMPILER_GLOBAL_ACCENT_COLOR_NAME = AccentColor;
				CODE_SIGN_STYLE = Automatic;
				CURRENT_PROJECT_VERSION = 1;
				DEVELOPMENT_ASSET_PATHS = "\"proiectMobile/Preview Content\"";
				DEVELOPMENT_TEAM = R327GYJXLM;
				ENABLE_PREVIEWS = YES;
				GENERATE_INFOPLIST_FILE = YES;
				INFOPLIST_KEY_UIApplicationSceneManifest_Generation = YES;
				INFOPLIST_KEY_UIApplicationSupportsIndirectInputEvents = YES;
				INFOPLIST_KEY_UILaunchScreen_Generation = YES;
				INFOPLIST_KEY_UISupportedInterfaceOrientations_iPad = "UIInterfaceOrientationPortrait UIInterfaceOrientationPortraitUpsideDown UIInterfaceOrientationLandscapeLeft UIInterfaceOrientationLandscapeRight";
				INFOPLIST_KEY_UISupportedInterfaceOrientations_iPhone = "UIInterfaceOrientationPortrait UIInterfaceOrientationLandscapeLeft UIInterfaceOrientationLandscapeRight";
				LD_RUNPATH_SEARCH_PATHS = (
					"$(inherited)",
					"@executable_path/Frameworks",
				);
				MARKETING_VERSION = 1.0;
				PRODUCT_BUNDLE_IDENTIFIER = com.Kofisoftwaresolutions.app.proiectMobile;
				PRODUCT_NAME = "$(TARGET_NAME)";
				SWIFT_EMIT_LOC_STRINGS = YES;
				SWIFT_VERSION = 5.0;
				TARGETED_DEVICE_FAMILY = "1,2";
			};
			name = Debug;
		};
		C1BA144A2AF67701003FC471 /* Release */ = {
			isa = XCBuildConfiguration;
			buildSettings = {
				ASSETCATALOG_COMPILER_APPICON_NAME = AppIcon;
				ASSETCATALOG_COMPILER_GLOBAL_ACCENT_COLOR_NAME = AccentColor;
				CODE_SIGN_STYLE = Automatic;
				CURRENT_PROJECT_VERSION = 1;
				DEVELOPMENT_ASSET_PATHS = "\"proiectMobile/Preview Content\"";
				DEVELOPMENT_TEAM = R327GYJXLM;
				ENABLE_PREVIEWS = YES;
				GENERATE_INFOPLIST_FILE = YES;
				INFOPLIST_KEY_UIApplicationSceneManifest_Generation = YES;
				INFOPLIST_KEY_UIApplicationSupportsIndirectInputEvents = YES;
				INFOPLIST_KEY_UILaunchScreen_Generation = YES;
				INFOPLIST_KEY_UISupportedInterfaceOrientations_iPad = "UIInterfaceOrientationPortrait UIInterfaceOrientationPortraitUpsideDown UIInterfaceOrientationLandscapeLeft UIInterfaceOrientationLandscapeRight";
				INFOPLIST_KEY_UISupportedInterfaceOrientations_iPhone = "UIInterfaceOrientationPortrait UIInterfaceOrientationLandscapeLeft UIInterfaceOrientationLandscapeRight";
				LD_RUNPATH_SEARCH_PATHS = (
					"$(inherited)",
					"@executable_path/Frameworks",
				);
				MARKETING_VERSION = 1.0;
				PRODUCT_BUNDLE_IDENTIFIER = com.Kofisoftwaresolutions.app.proiectMobile;
				PRODUCT_NAME = "$(TARGET_NAME)";
				SWIFT_EMIT_LOC_STRINGS = YES;
				SWIFT_VERSION = 5.0;
				TARGETED_DEVICE_FAMILY = "1,2";
			};
			name = Release;
		};
		C1BA144C2AF67701003FC471 /* Debug */ = {
			isa = XCBuildConfiguration;
			buildSettings = {
				ALWAYS_EMBED_SWIFT_STANDARD_LIBRARIES = YES;
				BUNDLE_LOADER = "$(TEST_HOST)";
				CODE_SIGN_STYLE = Automatic;
				CURRENT_PROJECT_VERSION = 1;
				DEVELOPMENT_TEAM = R327GYJXLM;
				GENERATE_INFOPLIST_FILE = YES;
				IPHONEOS_DEPLOYMENT_TARGET = 17.0;
				MARKETING_VERSION = 1.0;
				PRODUCT_BUNDLE_IDENTIFIER = com.Kofisoftwaresolutions.app.proiectMobileTests;
				PRODUCT_NAME = "$(TARGET_NAME)";
				SWIFT_EMIT_LOC_STRINGS = NO;
				SWIFT_VERSION = 5.0;
				TARGETED_DEVICE_FAMILY = "1,2";
				TEST_HOST = "$(BUILT_PRODUCTS_DIR)/proiectMobile.app/$(BUNDLE_EXECUTABLE_FOLDER_PATH)/proiectMobile";
			};
			name = Debug;
		};
		C1BA144D2AF67701003FC471 /* Release */ = {
			isa = XCBuildConfiguration;
			buildSettings = {
				ALWAYS_EMBED_SWIFT_STANDARD_LIBRARIES = YES;
				BUNDLE_LOADER = "$(TEST_HOST)";
				CODE_SIGN_STYLE = Automatic;
				CURRENT_PROJECT_VERSION = 1;
				DEVELOPMENT_TEAM = R327GYJXLM;
				GENERATE_INFOPLIST_FILE = YES;
				IPHONEOS_DEPLOYMENT_TARGET = 17.0;
				MARKETING_VERSION = 1.0;
				PRODUCT_BUNDLE_IDENTIFIER = com.Kofisoftwaresolutions.app.proiectMobileTests;
				PRODUCT_NAME = "$(TARGET_NAME)";
				SWIFT_EMIT_LOC_STRINGS = NO;
				SWIFT_VERSION = 5.0;
				TARGETED_DEVICE_FAMILY = "1,2";
				TEST_HOST = "$(BUILT_PRODUCTS_DIR)/proiectMobile.app/$(BUNDLE_EXECUTABLE_FOLDER_PATH)/proiectMobile";
			};
			name = Release;
		};
		C1BA144F2AF67701003FC471 /* Debug */ = {
			isa = XCBuildConfiguration;
			buildSettings = {
				ALWAYS_EMBED_SWIFT_STANDARD_LIBRARIES = YES;
				CODE_SIGN_STYLE = Automatic;
				CURRENT_PROJECT_VERSION = 1;
				DEVELOPMENT_TEAM = R327GYJXLM;
				GENERATE_INFOPLIST_FILE = YES;
				MARKETING_VERSION = 1.0;
				PRODUCT_BUNDLE_IDENTIFIER = com.Kofisoftwaresolutions.app.proiectMobileUITests;
				PRODUCT_NAME = "$(TARGET_NAME)";
				SWIFT_EMIT_LOC_STRINGS = NO;
				SWIFT_VERSION = 5.0;
				TARGETED_DEVICE_FAMILY = "1,2";
				TEST_TARGET_NAME = proiectMobile;
			};
			name = Debug;
		};
		C1BA14502AF67701003FC471 /* Release */ = {
			isa = XCBuildConfiguration;
			buildSettings = {
				ALWAYS_EMBED_SWIFT_STANDARD_LIBRARIES = YES;
				CODE_SIGN_STYLE = Automatic;
				CURRENT_PROJECT_VERSION = 1;
				DEVELOPMENT_TEAM = R327GYJXLM;
				GENERATE_INFOPLIST_FILE = YES;
				MARKETING_VERSION = 1.0;
				PRODUCT_BUNDLE_IDENTIFIER = com.Kofisoftwaresolutions.app.proiectMobileUITests;
				PRODUCT_NAME = "$(TARGET_NAME)";
				SWIFT_EMIT_LOC_STRINGS = NO;
				SWIFT_VERSION = 5.0;
				TARGETED_DEVICE_FAMILY = "1,2";
				TEST_TARGET_NAME = proiectMobile;
			};
			name = Release;
		};
/* End XCBuildConfiguration section */

/* Begin XCConfigurationList section */
		C1BA141D2AF676FD003FC471 /* Build configuration list for PBXProject "proiectMobile" */ = {
			isa = XCConfigurationList;
			buildConfigurations = (
				C1BA14462AF67701003FC471 /* Debug */,
				C1BA14472AF67701003FC471 /* Release */,
			);
			defaultConfigurationIsVisible = 0;
			defaultConfigurationName = Release;
		};
		C1BA14482AF67701003FC471 /* Build configuration list for PBXNativeTarget "proiectMobile" */ = {
			isa = XCConfigurationList;
			buildConfigurations = (
				C1BA14492AF67701003FC471 /* Debug */,
				C1BA144A2AF67701003FC471 /* Release */,
			);
			defaultConfigurationIsVisible = 0;
			defaultConfigurationName = Release;
		};
		C1BA144B2AF67701003FC471 /* Build configuration list for PBXNativeTarget "proiectMobileTests" */ = {
			isa = XCConfigurationList;
			buildConfigurations = (
				C1BA144C2AF67701003FC471 /* Debug */,
				C1BA144D2AF67701003FC471 /* Release */,
			);
			defaultConfigurationIsVisible = 0;
			defaultConfigurationName = Release;
		};
		C1BA144E2AF67701003FC471 /* Build configuration list for PBXNativeTarget "proiectMobileUITests" */ = {
			isa = XCConfigurationList;
			buildConfigurations = (
				C1BA144F2AF67701003FC471 /* Debug */,
				C1BA14502AF67701003FC471 /* Release */,
			);
			defaultConfigurationIsVisible = 0;
			defaultConfigurationName = Release;
		};
/* End XCConfigurationList section */
	};
	rootObject = C1BA141A2AF676FD003FC471 /* Project object */;
}
